// !$*UTF8*$!
{
	archiveVersion = 1;
	classes = {
	};
	objectVersion = 46;
	objects = {

/* Begin PBXBuildFile section */
		AE88AD831B371EC7005219EB /* AppDelegate.m in Sources */ = {isa = PBXBuildFile; fileRef = AE88AD821B371EC7005219EB /* AppDelegate.m */; };
		AE88AD851B371EC7005219EB /* main.m in Sources */ = {isa = PBXBuildFile; fileRef = AE88AD841B371EC7005219EB /* main.m */; };
		AE88AD871B371EC7005219EB /* Images.xcassets in Resources */ = {isa = PBXBuildFile; fileRef = AE88AD861B371EC7005219EB /* Images.xcassets */; };
		AE88AD8A1B371EC7005219EB /* MainMenu.xib in Resources */ = {isa = PBXBuildFile; fileRef = AE88AD881B371EC7005219EB /* MainMenu.xib */; };
/* End PBXBuildFile section */

/* Begin PBXFileReference section */
		AE88AD7C1B371EC7005219EB /* Activity Menu.app */ = {isa = PBXFileReference; explicitFileType = wrapper.application; includeInIndex = 0; path = "Activity Menu.app"; sourceTree = BUILT_PRODUCTS_DIR; };
		AE88AD801B371EC7005219EB /* Info.plist */ = {isa = PBXFileReference; lastKnownFileType = text.plist.xml; path = Info.plist; sourceTree = "<group>"; };
		AE88AD811B371EC7005219EB /* AppDelegate.h */ = {isa = PBXFileReference; lastKnownFileType = sourcecode.c.h; path = AppDelegate.h; sourceTree = "<group>"; };
		AE88AD821B371EC7005219EB /* AppDelegate.m */ = {isa = PBXFileReference; lastKnownFileType = sourcecode.c.objc; path = AppDelegate.m; sourceTree = "<group>"; };
		AE88AD841B371EC7005219EB /* main.m */ = {isa = PBXFileReference; lastKnownFileType = sourcecode.c.objc; path = main.m; sourceTree = "<group>"; };
		AE88AD861B371EC7005219EB /* Images.xcassets */ = {isa = PBXFileReference; lastKnownFileType = folder.assetcatalog; path = Images.xcassets; sourceTree = "<group>"; };
		AE88AD891B371EC7005219EB /* Base */ = {isa = PBXFileReference; lastKnownFileType = file.xib; name = Base; path = Base.lproj/MainMenu.xib; sourceTree = "<group>"; };
/* End PBXFileReference section */

/* Begin PBXFrameworksBuildPhase section */
		AE88AD791B371EC7005219EB /* Frameworks */ = {
			isa = PBXFrameworksBuildPhase;
			buildActionMask = 2147483647;
			files = (
			);
			runOnlyForDeploymentPostprocessing = 0;
		};
/* End PBXFrameworksBuildPhase section */

/* Begin PBXGroup section */
		AE88AD731B371EC7005219EB = {
			isa = PBXGroup;
			children = (
				AE88AD7E1B371EC7005219EB /* Activity Menu */,
				AE88AD7D1B371EC7005219EB /* Products */,
			);
			sourceTree = "<group>";
		};
		AE88AD7D1B371EC7005219EB /* Products */ = {
			isa = PBXGroup;
			children = (
				AE88AD7C1B371EC7005219EB /* Activity Menu.app */,
			);
			name = Products;
			sourceTree = "<group>";
		};
		AE88AD7E1B371EC7005219EB /* Activity Menu */ = {
			isa = PBXGroup;
			children = (
				AE88AD811B371EC7005219EB /* AppDelegate.h */,
				AE88AD821B371EC7005219EB /* AppDelegate.m */,
				AE88AD861B371EC7005219EB /* Images.xcassets */,
				AE88AD881B371EC7005219EB /* MainMenu.xib */,
				AE88AD7F1B371EC7005219EB /* Supporting Files */,
			);
			path = "Activity Menu";
			sourceTree = "<group>";
		};
		AE88AD7F1B371EC7005219EB /* Supporting Files */ = {
			isa = PBXGroup;
			children = (
				AE88AD801B371EC7005219EB /* Info.plist */,
				AE88AD841B371EC7005219EB /* main.m */,
			);
			name = "Supporting Files";
			sourceTree = "<group>";
		};
/* End PBXGroup section */

/* Begin PBXNativeTarget section */
		AE88AD7B1B371EC7005219EB /* Activity Menu */ = {
			isa = PBXNativeTarget;
			buildConfigurationList = AE88AD991B371EC7005219EB /* Build configuration list for PBXNativeTarget "Activity Menu" */;
			buildPhases = (
				AE88AD781B371EC7005219EB /* Sources */,
				AE88AD791B371EC7005219EB /* Frameworks */,
				AE88AD7A1B371EC7005219EB /* Resources */,
			);
			buildRules = (
			);
			dependencies = (
			);
			name = "Activity Menu";
			productName = "Activity Menu";
			productReference = AE88AD7C1B371EC7005219EB /* Activity Menu.app */;
			productType = "com.apple.product-type.application";
		};
/* End PBXNativeTarget section */

/* Begin PBXProject section */
		AE88AD741B371EC7005219EB /* Project object */ = {
			isa = PBXProject;
			attributes = {
				LastUpgradeCheck = 0640;
				ORGANIZATIONNAME = "Yannick Weiss";
				TargetAttributes = {
					AE88AD7B1B371EC7005219EB = {
						CreatedOnToolsVersion = 6.3.2;
					};
				};
			};
			buildConfigurationList = AE88AD771B371EC7005219EB /* Build configuration list for PBXProject "Activity Menu" */;
			compatibilityVersion = "Xcode 3.2";
			developmentRegion = English;
			hasScannedForEncodings = 0;
			knownRegions = (
				en,
				Base,
			);
			mainGroup = AE88AD731B371EC7005219EB;
			productRefGroup = AE88AD7D1B371EC7005219EB /* Products */;
			projectDirPath = "";
			projectRoot = "";
			targets = (
				AE88AD7B1B371EC7005219EB /* Activity Menu */,
			);
		};
/* End PBXProject section */

/* Begin PBXResourcesBuildPhase section */
		AE88AD7A1B371EC7005219EB /* Resources */ = {
			isa = PBXResourcesBuildPhase;
			buildActionMask = 2147483647;
			files = (
				AE88AD871B371EC7005219EB /* Images.xcassets in Resources */,
				AE88AD8A1B371EC7005219EB /* MainMenu.xib in Resources */,
			);
			runOnlyForDeploymentPostprocessing = 0;
		};
/* End PBXResourcesBuildPhase section */

/* Begin PBXSourcesBuildPhase section */
		AE88AD781B371EC7005219EB /* Sources */ = {
			isa = PBXSourcesBuildPhase;
			buildActionMask = 2147483647;
			files = (
				AE88AD851B371EC7005219EB /* main.m in Sources */,
				AE88AD831B371EC7005219EB /* AppDelegate.m in Sources */,
			);
			runOnlyForDeploymentPostprocessing = 0;
		};
/* End PBXSourcesBuildPhase section */

/* Begin PBXVariantGroup section */
		AE88AD881B371EC7005219EB /* MainMenu.xib */ = {
			isa = PBXVariantGroup;
			children = (
				AE88AD891B371EC7005219EB /* Base */,
			);
			name = MainMenu.xib;
			sourceTree = "<group>";
		};
/* End PBXVariantGroup section */

/* Begin XCBuildConfiguration section */
		AE88AD971B371EC7005219EB /* Debug */ = {
			isa = XCBuildConfiguration;
			buildSettings = {
				ALWAYS_SEARCH_USER_PATHS = NO;
				CLANG_CXX_LANGUAGE_STANDARD = "gnu++0x";
				CLANG_CXX_LIBRARY = "libc++";
				CLANG_ENABLE_MODULES = YES;
				CLANG_ENABLE_OBJC_ARC = YES;
				CLANG_WARN_BOOL_CONVERSION = YES;
				CLANG_WARN_CONSTANT_CONVERSION = YES;
				CLANG_WARN_DIRECT_OBJC_ISA_USAGE = YES_ERROR;
				CLANG_WARN_EMPTY_BODY = YES;
				CLANG_WARN_ENUM_CONVERSION = YES;
				CLANG_WARN_INT_CONVERSION = YES;
				CLANG_WARN_OBJC_ROOT_CLASS = YES_ERROR;
				CLANG_WARN_UNREACHABLE_CODE = YES;
				CLANG_WARN__DUPLICATE_METHOD_MATCH = YES;
				CODE_SIGN_IDENTITY = "-";
				COPY_PHASE_STRIP = NO;
				DEBUG_INFORMATION_FORMAT = dwarf;
				ENABLE_STRICT_OBJC_MSGSEND = YES;
				GCC_C_LANGUAGE_STANDARD = gnu99;
				GCC_DYNAMIC_NO_PIC = NO;
				GCC_NO_COMMON_BLOCKS = YES;
				GCC_OPTIMIZATION_LEVEL = 0;
				GCC_PREPROCESSOR_DEFINITIONS = (
					"DEBUG=1",
					"$(inherited)",
				);
				GCC_SYMBOLS_PRIVATE_EXTERN = NO;
				GCC_WARN_64_TO_32_BIT_CONVERSION = YES;
				GCC_WARN_ABOUT_RETURN_TYPE = YES_ERROR;
				GCC_WARN_UNDECLARED_SELECTOR = YES;
				GCC_WARN_UNINITIALIZED_AUTOS = YES_AGGRESSIVE;
				GCC_WARN_UNUSED_FUNCTION = YES;
				GCC_WARN_UNUSED_VARIABLE = YES;
				MACOSX_DEPLOYMENT_TARGET = 10.11;
				MTL_ENABLE_DEBUG_INFO = YES;
				ONLY_ACTIVE_ARCH = YES;
				SDKROOT = macosx;
			};
			name = Debug;
		};
		AE88AD981B371EC7005219EB /* Release */ = {
			isa = XCBuildConfiguration;
			buildSettings = {
				ALWAYS_SEARCH_USER_PATHS = NO;
				CLANG_CXX_LANGUAGE_STANDARD = "gnu++0x";
				CLANG_CXX_LIBRARY = "libc++";
				CLANG_ENABLE_MODULES = YES;
				CLANG_ENABLE_OBJC_ARC = YES;
				CLANG_WARN_BOOL_CONVERSION = YES;
				CLANG_WARN_CONSTANT_CONVERSION = YES;
				CLANG_WARN_DIRECT_OBJC_ISA_USAGE = YES_ERROR;
				CLANG_WARN_EMPTY_BODY = YES;
				CLANG_WARN_ENUM_CONVERSION = YES;
				CLANG_WARN_INT_CONVERSION = YES;
				CLANG_WARN_OBJC_ROOT_CLASS = YES_ERROR;
				CLANG_WARN_UNREACHABLE_CODE = YES;
				CLANG_WARN__DUPLICATE_METHOD_MATCH = YES;
				CODE_SIGN_IDENTITY = "-";
				COPY_PHASE_STRIP = NO;
				DEBUG_INFORMATION_FORMAT = "dwarf-with-dsym";
				ENABLE_NS_ASSERTIONS = NO;
				ENABLE_STRICT_OBJC_MSGSEND = YES;
				GCC_C_LANGUAGE_STANDARD = gnu99;
				GCC_NO_COMMON_BLOCKS = YES;
				GCC_WARN_64_TO_32_BIT_CONVERSION = YES;
				GCC_WARN_ABOUT_RETURN_TYPE = YES_ERROR;
				GCC_WARN_UNDECLARED_SELECTOR = YES;
				GCC_WARN_UNINITIALIZED_AUTOS = YES_AGGRESSIVE;
				GCC_WARN_UNUSED_FUNCTION = YES;
				GCC_WARN_UNUSED_VARIABLE = YES;
				MACOSX_DEPLOYMENT_TARGET = 10.11;
				MTL_ENABLE_DEBUG_INFO = NO;
				SDKROOT = macosx;
			};
			name = Release;
		};
		AE88AD9A1B371EC7005219EB /* Debug */ = {
			isa = XCBuildConfiguration;
			buildSettings = {
				ASSETCATALOG_COMPILER_APPICON_NAME = AppIcon;
				COMBINE_HIDPI_IMAGES = YES;
				INFOPLIST_FILE = "Activity Menu/Info.plist";
				LD_RUNPATH_SEARCH_PATHS = "$(inherited) @executable_path/../Frameworks";
				PRODUCT_NAME = "$(TARGET_NAME)";
			};
			name = Debug;
		};
		AE88AD9B1B371EC7005219EB /* Release */ = {
			isa = XCBuildConfiguration;
			buildSettings = {
				ASSETCATALOG_COMPILER_APPICON_NAME = AppIcon;
				COMBINE_HIDPI_IMAGES = YES;
				INFOPLIST_FILE = "Activity Menu/Info.plist";
				LD_RUNPATH_SEARCH_PATHS = "$(inherited) @executable_path/../Frameworks";
				PRODUCT_NAME = "$(TARGET_NAME)";
			};
			name = Release;
		};
/* End XCBuildConfiguration section */

/* Begin XCConfigurationList section */
		AE88AD771B371EC7005219EB /* Build configuration list for PBXProject "Activity Menu" */ = {
			isa = XCConfigurationList;
			buildConfigurations = (
				AE88AD971B371EC7005219EB /* Debug */,
				AE88AD981B371EC7005219EB /* Release */,
			);
			defaultConfigurationIsVisible = 0;
			defaultConfigurationName = Release;
		};
		AE88AD991B371EC7005219EB /* Build configuration list for PBXNativeTarget "Activity Menu" */ = {
			isa = XCConfigurationList;
			buildConfigurations = (
				AE88AD9A1B371EC7005219EB /* Debug */,
				AE88AD9B1B371EC7005219EB /* Release */,
			);
			defaultConfigurationIsVisible = 0;
			defaultConfigurationName = Release;
		};
/* End XCConfigurationList section */
	};
	rootObject = AE88AD741B371EC7005219EB /* Project object */;
}
